
Microsoft Visual Studio Solution File, Format Version 12.00
# Visual Studio 15
VisualStudioVersion = 15.0.26730.3
MinimumVisualStudioVersion = 10.0.40219.1
Project("{FAE04EC0-301F-11D3-BF4B-00C04F79EFBC}") = "WebApplication1", "WebApplication1\WebApplication1.csproj", "{DC664270-950D-4BCF-9C22-8A440A7AA9AA}"
EndProject
Global
	GlobalSection(SolutionConfigurationPlatforms) = preSolution
		Debug|Any CPU = Debug|Any CPU
		Release|Any CPU = Release|Any CPU
	EndGlobalSection
	GlobalSection(ProjectConfigurationPlatforms) = postSolution
		{DC664270-950D-4BCF-9C22-8A440A7AA9AA}.Debug|Any CPU.ActiveCfg = Debug|Any CPU
		{DC664270-950D-4BCF-9C22-8A440A7AA9AA}.Debug|Any CPU.Build.0 = Debug|Any CPU
		{DC664270-950D-4BCF-9C22-8A440A7AA9AA}.Release|Any CPU.ActiveCfg = Release|Any CPU
		{DC664270-950D-4BCF-9C22-8A440A7AA9AA}.Release|Any CPU.Build.0 = Release|Any CPU
	EndGlobalSection
	GlobalSection(SolutionProperties) = preSolution
		HideSolutionNode = FALSE
	EndGlobalSection
	GlobalSection(ExtensibilityGlobals) = postSolution
		SolutionGuid = {02A54F14-12C1-45C7-8562-0B250D1CD016}
	EndGlobalSection
EndGlobal
